github.com/lz397548123/hello/v2 v2.0.0 h1:dmWS2eeNsm7tOMZvQ7HU8m+buHi3XqBno7vChZUqIJI=
github.com/lz397548123/hello/v2 v2.0.0/go.mod h1:KPniReMGMlpCbhDHoi+pYTT2td90nSvEV9dlqAw9Gfc=
github.com/q1mi/hello v0.1.1 h1:PHgHB5cmyYwvrvUmeEUpCigzemnjz22NW36EsQ/Zf4k=
github.com/q1mi/hello v0.1.1/go.mod h1:CvYqxxiW4sUSv4IHFFM5UAdVB1dsPD62brSjg9AUzh8=
